
Microsoft Visual Studio Solution File, Format Version 12.00
# Visual Studio Version 17
VisualStudioVersion = 17.1.32328.378
MinimumVisualStudioVersion = 10.0.40219.1
Project("{FAE04EC0-301F-11D3-BF4B-00C04F79EFBC}") = "СуМмАтОр", "СуМмАтОр.csproj", "{19D616AA-4F49-4F6A-8C9F-D7E31C0FB051}"
EndProject
Global
	GlobalSection(SolutionConfigurationPlatforms) = preSolution
		Debug|Any CPU = Debug|Any CPU
		Release|Any CPU = Release|Any CPU
	EndGlobalSection
	GlobalSection(ProjectConfigurationPlatforms) = postSolution
		{19D616AA-4F49-4F6A-8C9F-D7E31C0FB051}.Debug|Any CPU.ActiveCfg = Debug|Any CPU
		{19D616AA-4F49-4F6A-8C9F-D7E31C0FB051}.Debug|Any CPU.Build.0 = Debug|Any CPU
		{19D616AA-4F49-4F6A-8C9F-D7E31C0FB051}.Release|Any CPU.ActiveCfg = Release|Any CPU
		{19D616AA-4F49-4F6A-8C9F-D7E31C0FB051}.Release|Any CPU.Build.0 = Release|Any CPU
	EndGlobalSection
	GlobalSection(SolutionProperties) = preSolution
		HideSolutionNode = FALSE
	EndGlobalSection
	GlobalSection(ExtensibilityGlobals) = postSolution
		SolutionGuid = {0AF0FC75-4BA6-4FA7-954F-DC5401BFAC5E}
	EndGlobalSection
EndGlobal
